
Microsoft Visual Studio Solution File, Format Version 12.00
# Visual Studio Version 17
VisualStudioVersion = 17.2.32616.157
MinimumVisualStudioVersion = 10.0.40219.1
Project("{FAE04EC0-301F-11D3-BF4B-00C04F79EFBC}") = "AutherisationAuthentication", "AutherisationAuthentication.csproj", "{3B1A9027-ACF7-4426-A201-72D8D7C9828B}"
EndProject
Global
	GlobalSection(SolutionConfigurationPlatforms) = preSolution
		Debug|Any CPU = Debug|Any CPU
		Release|Any CPU = Release|Any CPU
	EndGlobalSection
	GlobalSection(ProjectConfigurationPlatforms) = postSolution
		{3B1A9027-ACF7-4426-A201-72D8D7C9828B}.Debug|Any CPU.ActiveCfg = Debug|Any CPU
		{3B1A9027-ACF7-4426-A201-72D8D7C9828B}.Debug|Any CPU.Build.0 = Debug|Any CPU
		{3B1A9027-ACF7-4426-A201-72D8D7C9828B}.Release|Any CPU.ActiveCfg = Release|Any CPU
		{3B1A9027-ACF7-4426-A201-72D8D7C9828B}.Release|Any CPU.Build.0 = Release|Any CPU
	EndGlobalSection
	GlobalSection(SolutionProperties) = preSolution
		HideSolutionNode = FALSE
	EndGlobalSection
	GlobalSection(ExtensibilityGlobals) = postSolution
		SolutionGuid = {ED49EE75-53E1-48B0-9DB9-8FA9A34E6533}
	EndGlobalSection
EndGlobal
