
Microsoft Visual Studio Solution File, Format Version 12.00
# Visual Studio Version 17
VisualStudioVersion = 17.2.32616.157
MinimumVisualStudioVersion = 10.0.40219.1
Project("{FAE04EC0-301F-11D3-BF4B-00C04F79EFBC}") = "FetchExcelFile", "FetchExcelFile.csproj", "{9FDF11BD-FE6A-462F-B958-2AD6421005EB}"
EndProject
Global
	GlobalSection(SolutionConfigurationPlatforms) = preSolution
		Debug|Any CPU = Debug|Any CPU
		Release|Any CPU = Release|Any CPU
	EndGlobalSection
	GlobalSection(ProjectConfigurationPlatforms) = postSolution
		{9FDF11BD-FE6A-462F-B958-2AD6421005EB}.Debug|Any CPU.ActiveCfg = Debug|Any CPU
		{9FDF11BD-FE6A-462F-B958-2AD6421005EB}.Debug|Any CPU.Build.0 = Debug|Any CPU
		{9FDF11BD-FE6A-462F-B958-2AD6421005EB}.Release|Any CPU.ActiveCfg = Release|Any CPU
		{9FDF11BD-FE6A-462F-B958-2AD6421005EB}.Release|Any CPU.Build.0 = Release|Any CPU
	EndGlobalSection
	GlobalSection(SolutionProperties) = preSolution
		HideSolutionNode = FALSE
	EndGlobalSection
	GlobalSection(ExtensibilityGlobals) = postSolution
		SolutionGuid = {1B7CD539-A46B-4154-9EF3-A7755E44FEEE}
	EndGlobalSection
EndGlobal
