
Microsoft Visual Studio Solution File, Format Version 12.00
# Visual Studio Version 17
VisualStudioVersion = 17.2.32616.157
MinimumVisualStudioVersion = 10.0.40219.1
Project("{FAE04EC0-301F-11D3-BF4B-00C04F79EFBC}") = "AuthenticationWithGoogle", "AuthenticationWithGoogle.csproj", "{27DC4233-4EF1-4055-AF73-293532869E93}"
EndProject
Global
	GlobalSection(SolutionConfigurationPlatforms) = preSolution
		Debug|Any CPU = Debug|Any CPU
		Release|Any CPU = Release|Any CPU
	EndGlobalSection
	GlobalSection(ProjectConfigurationPlatforms) = postSolution
		{27DC4233-4EF1-4055-AF73-293532869E93}.Debug|Any CPU.ActiveCfg = Debug|Any CPU
		{27DC4233-4EF1-4055-AF73-293532869E93}.Debug|Any CPU.Build.0 = Debug|Any CPU
		{27DC4233-4EF1-4055-AF73-293532869E93}.Release|Any CPU.ActiveCfg = Release|Any CPU
		{27DC4233-4EF1-4055-AF73-293532869E93}.Release|Any CPU.Build.0 = Release|Any CPU
	EndGlobalSection
	GlobalSection(SolutionProperties) = preSolution
		HideSolutionNode = FALSE
	EndGlobalSection
	GlobalSection(ExtensibilityGlobals) = postSolution
		SolutionGuid = {55239685-86F4-478B-B6FB-1AB1184E8E53}
	EndGlobalSection
EndGlobal
