
Microsoft Visual Studio Solution File, Format Version 12.00
# Visual Studio Version 17
VisualStudioVersion = 17.2.32616.157
MinimumVisualStudioVersion = 10.0.40219.1
Project("{FAE04EC0-301F-11D3-BF4B-00C04F79EFBC}") = "SumNumbersInSequence", "SumNumbersInSequence.csproj", "{C99E6A34-3B30-46C2-B5E7-D90F7258EB24}"
EndProject
Global
	GlobalSection(SolutionConfigurationPlatforms) = preSolution
		Debug|Any CPU = Debug|Any CPU
		Release|Any CPU = Release|Any CPU
	EndGlobalSection
	GlobalSection(ProjectConfigurationPlatforms) = postSolution
		{C99E6A34-3B30-46C2-B5E7-D90F7258EB24}.Debug|Any CPU.ActiveCfg = Debug|Any CPU
		{C99E6A34-3B30-46C2-B5E7-D90F7258EB24}.Debug|Any CPU.Build.0 = Debug|Any CPU
		{C99E6A34-3B30-46C2-B5E7-D90F7258EB24}.Release|Any CPU.ActiveCfg = Release|Any CPU
		{C99E6A34-3B30-46C2-B5E7-D90F7258EB24}.Release|Any CPU.Build.0 = Release|Any CPU
	EndGlobalSection
	GlobalSection(SolutionProperties) = preSolution
		HideSolutionNode = FALSE
	EndGlobalSection
	GlobalSection(ExtensibilityGlobals) = postSolution
		SolutionGuid = {58F51F4E-B069-4DFD-BF16-A02CE8F67316}
	EndGlobalSection
EndGlobal
