
Microsoft Visual Studio Solution File, Format Version 12.00
# Visual Studio Version 17
VisualStudioVersion = 17.2.32616.157
MinimumVisualStudioVersion = 10.0.40219.1
Project("{FAE04EC0-301F-11D3-BF4B-00C04F79EFBC}") = "RegistrationForm", "RegistrationForm.csproj", "{B3DCA9A7-C719-4229-9510-EEBC000C4500}"
EndProject
Global
	GlobalSection(SolutionConfigurationPlatforms) = preSolution
		Debug|Any CPU = Debug|Any CPU
		Release|Any CPU = Release|Any CPU
	EndGlobalSection
	GlobalSection(ProjectConfigurationPlatforms) = postSolution
		{B3DCA9A7-C719-4229-9510-EEBC000C4500}.Debug|Any CPU.ActiveCfg = Debug|Any CPU
		{B3DCA9A7-C719-4229-9510-EEBC000C4500}.Debug|Any CPU.Build.0 = Debug|Any CPU
		{B3DCA9A7-C719-4229-9510-EEBC000C4500}.Release|Any CPU.ActiveCfg = Release|Any CPU
		{B3DCA9A7-C719-4229-9510-EEBC000C4500}.Release|Any CPU.Build.0 = Release|Any CPU
	EndGlobalSection
	GlobalSection(SolutionProperties) = preSolution
		HideSolutionNode = FALSE
	EndGlobalSection
	GlobalSection(ExtensibilityGlobals) = postSolution
		SolutionGuid = {979E4D3E-A9E8-465A-9D41-AB0031CD99BE}
	EndGlobalSection
EndGlobal
